
Microsoft Visual Studio Solution File, Format Version 12.00
# Visual Studio Version 17
VisualStudioVersion = 17.7.34221.43
MinimumVisualStudioVersion = 10.0.40219.1
Project("{FAE04EC0-301F-11D3-BF4B-00C04F79EFBC}") = "BancoTrab2", "BancoTrab2\BancoTrab2.csproj", "{78F3F646-072C-491F-9CF6-2F0972D5BDCA}"
EndProject
Project("{FAE04EC0-301F-11D3-BF4B-00C04F79EFBC}") = "TestBancoTrab2", "TestBancoTrab2\TestBancoTrab2.csproj", "{85F86E36-75F9-456C-970E-207667972C62}"
EndProject
Global
	GlobalSection(SolutionConfigurationPlatforms) = preSolution
		Debug|Any CPU = Debug|Any CPU
		Release|Any CPU = Release|Any CPU
	EndGlobalSection
	GlobalSection(ProjectConfigurationPlatforms) = postSolution
		{78F3F646-072C-491F-9CF6-2F0972D5BDCA}.Debug|Any CPU.ActiveCfg = Debug|Any CPU
		{78F3F646-072C-491F-9CF6-2F0972D5BDCA}.Debug|Any CPU.Build.0 = Debug|Any CPU
		{78F3F646-072C-491F-9CF6-2F0972D5BDCA}.Release|Any CPU.ActiveCfg = Release|Any CPU
		{78F3F646-072C-491F-9CF6-2F0972D5BDCA}.Release|Any CPU.Build.0 = Release|Any CPU
		{85F86E36-75F9-456C-970E-207667972C62}.Debug|Any CPU.ActiveCfg = Debug|Any CPU
		{85F86E36-75F9-456C-970E-207667972C62}.Debug|Any CPU.Build.0 = Debug|Any CPU
		{85F86E36-75F9-456C-970E-207667972C62}.Release|Any CPU.ActiveCfg = Release|Any CPU
		{85F86E36-75F9-456C-970E-207667972C62}.Release|Any CPU.Build.0 = Release|Any CPU
	EndGlobalSection
	GlobalSection(SolutionProperties) = preSolution
		HideSolutionNode = FALSE
	EndGlobalSection
	GlobalSection(ExtensibilityGlobals) = postSolution
		SolutionGuid = {03CE8E27-DBA3-4014-B14E-2651D0FA6741}
	EndGlobalSection
EndGlobal
